// !$*UTF8*$!
{
	archiveVersion = 1;
	classes = {
	};
	objectVersion = 50;
	objects = {

/* Begin PBXBuildFile section */
		290B4AB022175397007B58AE /* Question.swift in Sources */ = {isa = PBXBuildFile; fileRef = 290B4AAF22175397007B58AE /* Question.swift */; };
		290B4AB2221753B4007B58AE /* QuestionBank.swift in Sources */ = {isa = PBXBuildFile; fileRef = 290B4AB1221753B4007B58AE /* QuestionBank.swift */; };
		4B65505F391ADA25C5DB2B9E /* Pods_TurkiyeninIlleri.framework in Frameworks */ = {isa = PBXBuildFile; fileRef = 76F04B35D538BBC3CA51B3EC /* Pods_TurkiyeninIlleri.framework */; };
		9F2BBEFF2185F5B7006CC5D7 /* CityViewController.swift in Sources */ = {isa = PBXBuildFile; fileRef = 9F2BBEFE2185F5B7006CC5D7 /* CityViewController.swift */; };
		9F2BBF012185F60B006CC5D7 /* CityImageTableViewCell.swift in Sources */ = {isa = PBXBuildFile; fileRef = 9F2BBF002185F60B006CC5D7 /* CityImageTableViewCell.swift */; };
		9F2BBF032185F627006CC5D7 /* CityNameTableViewCell.swift in Sources */ = {isa = PBXBuildFile; fileRef = 9F2BBF022185F627006CC5D7 /* CityNameTableViewCell.swift */; };
		9F2BBF052185F63C006CC5D7 /* CityDetailTableViewCell.swift in Sources */ = {isa = PBXBuildFile; fileRef = 9F2BBF042185F63C006CC5D7 /* CityDetailTableViewCell.swift */; };
		9F7C5BA121C83D8D00DCB42F /* WeatherViewController.swift in Sources */ = {isa = PBXBuildFile; fileRef = 9F7C5BA021C83D8D00DCB42F /* WeatherViewController.swift */; };
		9F7C5BA321C83DD100DCB42F /* ChangeCityViewController.swift in Sources */ = {isa = PBXBuildFile; fileRef = 9F7C5BA221C83DD100DCB42F /* ChangeCityViewController.swift */; };
		9F7C5BA621C8491800DCB42F /* WeatherDataModel.swift in Sources */ = {isa = PBXBuildFile; fileRef = 9F7C5BA521C8491800DCB42F /* WeatherDataModel.swift */; };
		9FABF43A2182376F00948D4E /* TableViewController.swift in Sources */ = {isa = PBXBuildFile; fileRef = 9FABF4392182376F00948D4E /* TableViewController.swift */; };
		9FABF43C2182379100948D4E /* TableViewCell.swift in Sources */ = {isa = PBXBuildFile; fileRef = 9FABF43B2182379100948D4E /* TableViewCell.swift */; };
		9FF0924E21D1934E00AB7F12 /* QuizViewController.swift in Sources */ = {isa = PBXBuildFile; fileRef = 9FF0924D21D1934E00AB7F12 /* QuizViewController.swift */; };
		9FFD1AD72174EA50007D09F2 /* AppDelegate.swift in Sources */ = {isa = PBXBuildFile; fileRef = 9FFD1AD62174EA50007D09F2 /* AppDelegate.swift */; };
		9FFD1AD92174EA50007D09F2 /* ViewController.swift in Sources */ = {isa = PBXBuildFile; fileRef = 9FFD1AD82174EA50007D09F2 /* ViewController.swift */; };
		9FFD1ADC2174EA50007D09F2 /* Main.storyboard in Resources */ = {isa = PBXBuildFile; fileRef = 9FFD1ADA2174EA50007D09F2 /* Main.storyboard */; };
		9FFD1ADE2174EA52007D09F2 /* Assets.xcassets in Resources */ = {isa = PBXBuildFile; fileRef = 9FFD1ADD2174EA52007D09F2 /* Assets.xcassets */; };
		9FFD1AE12174EA52007D09F2 /* LaunchScreen.storyboard in Resources */ = {isa = PBXBuildFile; fileRef = 9FFD1ADF2174EA52007D09F2 /* LaunchScreen.storyboard */; };
		9FFD1AE92174ECAD007D09F2 /* RoundButton.swift in Sources */ = {isa = PBXBuildFile; fileRef = 9FFD1AE82174ECAD007D09F2 /* RoundButton.swift */; };
		9FFD1AEB2174F022007D09F2 /* ContactViewController.swift in Sources */ = {isa = PBXBuildFile; fileRef = 9FFD1AEA2174F022007D09F2 /* ContactViewController.swift */; };
/* End PBXBuildFile section */

/* Begin PBXFileReference section */
		290B4AAF22175397007B58AE /* Question.swift */ = {isa = PBXFileReference; lastKnownFileType = sourcecode.swift; path = Question.swift; sourceTree = "<group>"; };
		290B4AB1221753B4007B58AE /* QuestionBank.swift */ = {isa = PBXFileReference; lastKnownFileType = sourcecode.swift; path = QuestionBank.swift; sourceTree = "<group>"; };
		6AA149140DD81CAA78660F61 /* Pods-TurkiyeninIlleri.debug.xcconfig */ = {isa = PBXFileReference; includeInIndex = 1; lastKnownFileType = text.xcconfig; name = "Pods-TurkiyeninIlleri.debug.xcconfig"; path = "Pods/Target Support Files/Pods-TurkiyeninIlleri/Pods-TurkiyeninIlleri.debug.xcconfig"; sourceTree = "<group>"; };
		76F04B35D538BBC3CA51B3EC /* Pods_TurkiyeninIlleri.framework */ = {isa = PBXFileReference; explicitFileType = wrapper.framework; includeInIndex = 0; path = Pods_TurkiyeninIlleri.framework; sourceTree = BUILT_PRODUCTS_DIR; };
		9F2BBEFE2185F5B7006CC5D7 /* CityViewController.swift */ = {isa = PBXFileReference; lastKnownFileType = sourcecode.swift; path = CityViewController.swift; sourceTree = "<group>"; };
		9F2BBF002185F60B006CC5D7 /* CityImageTableViewCell.swift */ = {isa = PBXFileReference; lastKnownFileType = sourcecode.swift; path = CityImageTableViewCell.swift; sourceTree = "<group>"; };
		9F2BBF022185F627006CC5D7 /* CityNameTableViewCell.swift */ = {isa = PBXFileReference; lastKnownFileType = sourcecode.swift; path = CityNameTableViewCell.swift; sourceTree = "<group>"; };
		9F2BBF042185F63C006CC5D7 /* CityDetailTableViewCell.swift */ = {isa = PBXFileReference; lastKnownFileType = sourcecode.swift; path = CityDetailTableViewCell.swift; sourceTree = "<group>"; };
		9F7C5BA021C83D8D00DCB42F /* WeatherViewController.swift */ = {isa = PBXFileReference; lastKnownFileType = sourcecode.swift; name = WeatherViewController.swift; path = TurkiyeninIlleri/Controller/WeatherViewController.swift; sourceTree = SOURCE_ROOT; };
		9F7C5BA221C83DD100DCB42F /* ChangeCityViewController.swift */ = {isa = PBXFileReference; lastKnownFileType = sourcecode.swift; path = ChangeCityViewController.swift; sourceTree = "<group>"; };
		9F7C5BA521C8491800DCB42F /* WeatherDataModel.swift */ = {isa = PBXFileReference; lastKnownFileType = sourcecode.swift; path = WeatherDataModel.swift; sourceTree = "<group>"; };
		9FABF4392182376F00948D4E /* TableViewController.swift */ = {isa = PBXFileReference; lastKnownFileType = sourcecode.swift; path = TableViewController.swift; sourceTree = "<group>"; };
		9FABF43B2182379100948D4E /* TableViewCell.swift */ = {isa = PBXFileReference; lastKnownFileType = sourcecode.swift; path = TableViewCell.swift; sourceTree = "<group>"; };
		9FF0924D21D1934E00AB7F12 /* QuizViewController.swift */ = {isa = PBXFileReference; lastKnownFileType = sourcecode.swift; path = QuizViewController.swift; sourceTree = "<group>"; };
		9FFD1AD32174EA50007D09F2 /* TurkiyeninIlleri.app */ = {isa = PBXFileReference; explicitFileType = wrapper.application; includeInIndex = 0; path = TurkiyeninIlleri.app; sourceTree = BUILT_PRODUCTS_DIR; };
		9FFD1AD62174EA50007D09F2 /* AppDelegate.swift */ = {isa = PBXFileReference; lastKnownFileType = sourcecode.swift; path = AppDelegate.swift; sourceTree = "<group>"; };
		9FFD1AD82174EA50007D09F2 /* ViewController.swift */ = {isa = PBXFileReference; lastKnownFileType = sourcecode.swift; path = ViewController.swift; sourceTree = "<group>"; };
		9FFD1ADB2174EA50007D09F2 /* Base */ = {isa = PBXFileReference; lastKnownFileType = file.storyboard; name = Base; path = Base.lproj/Main.storyboard; sourceTree = "<group>"; };
		9FFD1ADD2174EA52007D09F2 /* Assets.xcassets */ = {isa = PBXFileReference; lastKnownFileType = folder.assetcatalog; path = Assets.xcassets; sourceTree = "<group>"; };
		9FFD1AE02174EA52007D09F2 /* Base */ = {isa = PBXFileReference; lastKnownFileType = file.storyboard; name = Base; path = Base.lproj/LaunchScreen.storyboard; sourceTree = "<group>"; };
		9FFD1AE22174EA52007D09F2 /* Info.plist */ = {isa = PBXFileReference; lastKnownFileType = text.plist.xml; path = Info.plist; sourceTree = "<group>"; };
		9FFD1AE82174ECAD007D09F2 /* RoundButton.swift */ = {isa = PBXFileReference; lastKnownFileType = sourcecode.swift; path = RoundButton.swift; sourceTree = "<group>"; };
		9FFD1AEA2174F022007D09F2 /* ContactViewController.swift */ = {isa = PBXFileReference; lastKnownFileType = sourcecode.swift; path = ContactViewController.swift; sourceTree = "<group>"; };
		CC9304686C10E1CEB91F60BA /* Pods-TurkiyeninIlleri.release.xcconfig */ = {isa = PBXFileReference; includeInIndex = 1; lastKnownFileType = text.xcconfig; name = "Pods-TurkiyeninIlleri.release.xcconfig"; path = "Pods/Target Support Files/Pods-TurkiyeninIlleri/Pods-TurkiyeninIlleri.release.xcconfig"; sourceTree = "<group>"; };
/* End PBXFileReference section */

/* Begin PBXFrameworksBuildPhase section */
		9FFD1AD02174EA50007D09F2 /* Frameworks */ = {
			isa = PBXFrameworksBuildPhase;
			buildActionMask = 2147483647;
			files = (
				4B65505F391ADA25C5DB2B9E /* Pods_TurkiyeninIlleri.framework in Frameworks */,
			);
			runOnlyForDeploymentPostprocessing = 0;
		};
/* End PBXFrameworksBuildPhase section */

/* Begin PBXGroup section */
		1C59A85A3262E7F10D753C50 /* Frameworks */ = {
			isa = PBXGroup;
			children = (
				76F04B35D538BBC3CA51B3EC /* Pods_TurkiyeninIlleri.framework */,
			);
			name = Frameworks;
			sourceTree = "<group>";
		};
		9F2BBF072185F71A006CC5D7 /* City TableViewCell */ = {
			isa = PBXGroup;
			children = (
				9F2BBF002185F60B006CC5D7 /* CityImageTableViewCell.swift */,
				9F2BBF022185F627006CC5D7 /* CityNameTableViewCell.swift */,
				9F2BBF042185F63C006CC5D7 /* CityDetailTableViewCell.swift */,
			);
			path = "City TableViewCell";
			sourceTree = "<group>";
		};
		9F2BBF082185F75C006CC5D7 /* Controller */ = {
			isa = PBXGroup;
			children = (
				9F7C5BA021C83D8D00DCB42F /* WeatherViewController.swift */,
				9FFD1AD62174EA50007D09F2 /* AppDelegate.swift */,
				9FFD1AD82174EA50007D09F2 /* ViewController.swift */,
				9FFD1AEA2174F022007D09F2 /* ContactViewController.swift */,
				9F2BBEFE2185F5B7006CC5D7 /* CityViewController.swift */,
				9F7C5BA221C83DD100DCB42F /* ChangeCityViewController.swift */,
				9FF0924D21D1934E00AB7F12 /* QuizViewController.swift */,
			);
			path = Controller;
			sourceTree = "<group>";
		};
		9F2BBF092185F770006CC5D7 /* TableView */ = {
			isa = PBXGroup;
			children = (
				9FABF4392182376F00948D4E /* TableViewController.swift */,
				9FABF43B2182379100948D4E /* TableViewCell.swift */,
			);
			path = TableView;
			sourceTree = "<group>";
		};
		9F2BBF0A2185F781006CC5D7 /* Button */ = {
			isa = PBXGroup;
			children = (
				9FFD1AE82174ECAD007D09F2 /* RoundButton.swift */,
			);
			path = Button;
			sourceTree = "<group>";
		};
		9F7C5B9F21C83B3000DCB42F /* View */ = {
			isa = PBXGroup;
			children = (
				9FFD1ADA2174EA50007D09F2 /* Main.storyboard */,
			);
			path = View;
			sourceTree = "<group>";
		};
		9F7C5BA421C848F000DCB42F /* Model */ = {
			isa = PBXGroup;
			children = (
				9F7C5BA521C8491800DCB42F /* WeatherDataModel.swift */,
				290B4AAF22175397007B58AE /* Question.swift */,
				290B4AB1221753B4007B58AE /* QuestionBank.swift */,
			);
			name = Model;
			sourceTree = "<group>";
		};
		9FFD1ACA2174EA50007D09F2 = {
			isa = PBXGroup;
			children = (
				9FFD1AD52174EA50007D09F2 /* TurkiyeninIlleri */,
				9FFD1AD42174EA50007D09F2 /* Products */,
				E677394E02BF3980344F4F3A /* Pods */,
				1C59A85A3262E7F10D753C50 /* Frameworks */,
			);
			sourceTree = "<group>";
		};
		9FFD1AD42174EA50007D09F2 /* Products */ = {
			isa = PBXGroup;
			children = (
				9FFD1AD32174EA50007D09F2 /* TurkiyeninIlleri.app */,
			);
			name = Products;
			sourceTree = "<group>";
		};
		9FFD1AD52174EA50007D09F2 /* TurkiyeninIlleri */ = {
			isa = PBXGroup;
			children = (
				9F7C5BA421C848F000DCB42F /* Model */,
				9F2BBF082185F75C006CC5D7 /* Controller */,
				9F2BBF0A2185F781006CC5D7 /* Button */,
				9F2BBF092185F770006CC5D7 /* TableView */,
				9F2BBF072185F71A006CC5D7 /* City TableViewCell */,
				9F7C5B9F21C83B3000DCB42F /* View */,
				9FFD1ADD2174EA52007D09F2 /* Assets.xcassets */,
				9FFD1ADF2174EA52007D09F2 /* LaunchScreen.storyboard */,
				9FFD1AE22174EA52007D09F2 /* Info.plist */,
			);
			path = TurkiyeninIlleri;
			sourceTree = "<group>";
		};
		E677394E02BF3980344F4F3A /* Pods */ = {
			isa = PBXGroup;
			children = (
				6AA149140DD81CAA78660F61 /* Pods-TurkiyeninIlleri.debug.xcconfig */,
				CC9304686C10E1CEB91F60BA /* Pods-TurkiyeninIlleri.release.xcconfig */,
			);
			name = Pods;
			sourceTree = "<group>";
		};
/* End PBXGroup section */

/* Begin PBXNativeTarget section */
		9FFD1AD22174EA50007D09F2 /* TurkiyeninIlleri */ = {
			isa = PBXNativeTarget;
			buildConfigurationList = 9FFD1AE52174EA52007D09F2 /* Build configuration list for PBXNativeTarget "TurkiyeninIlleri" */;
			buildPhases = (
				347991D669D0C8B4D336D208 /* [CP] Check Pods Manifest.lock */,
				9FFD1ACF2174EA50007D09F2 /* Sources */,
				9FFD1AD02174EA50007D09F2 /* Frameworks */,
				9FFD1AD12174EA50007D09F2 /* Resources */,
				5229E2DA3E3105D8AE18AC3C /* [CP] Embed Pods Frameworks */,
			);
			buildRules = (
			);
			dependencies = (
			);
			name = TurkiyeninIlleri;
			productName = TurkiyeninIlleri;
			productReference = 9FFD1AD32174EA50007D09F2 /* TurkiyeninIlleri.app */;
			productType = "com.apple.product-type.application";
		};
/* End PBXNativeTarget section */

/* Begin PBXProject section */
		9FFD1ACB2174EA50007D09F2 /* Project object */ = {
			isa = PBXProject;
			attributes = {
				LastSwiftUpdateCheck = 1000;
				LastUpgradeCheck = 1000;
				ORGANIZATIONNAME = "Halil Özel";
				TargetAttributes = {
					9FFD1AD22174EA50007D09F2 = {
						CreatedOnToolsVersion = 10.0;
					};
				};
			};
			buildConfigurationList = 9FFD1ACE2174EA50007D09F2 /* Build configuration list for PBXProject "TurkiyeninIlleri" */;
			compatibilityVersion = "Xcode 9.3";
			developmentRegion = en;
			hasScannedForEncodings = 0;
			knownRegions = (
				en,
				Base,
			);
			mainGroup = 9FFD1ACA2174EA50007D09F2;
			productRefGroup = 9FFD1AD42174EA50007D09F2 /* Products */;
			projectDirPath = "";
			projectRoot = "";
			targets = (
				9FFD1AD22174EA50007D09F2 /* TurkiyeninIlleri */,
			);
		};
/* End PBXProject section */

/* Begin PBXResourcesBuildPhase section */
		9FFD1AD12174EA50007D09F2 /* Resources */ = {
			isa = PBXResourcesBuildPhase;
			buildActionMask = 2147483647;
			files = (
				9FFD1AE12174EA52007D09F2 /* LaunchScreen.storyboard in Resources */,
				9FFD1ADE2174EA52007D09F2 /* Assets.xcassets in Resources */,
				9FFD1ADC2174EA50007D09F2 /* Main.storyboard in Resources */,
			);
			runOnlyForDeploymentPostprocessing = 0;
		};
/* End PBXResourcesBuildPhase section */

/* Begin PBXShellScriptBuildPhase section */
		347991D669D0C8B4D336D208 /* [CP] Check Pods Manifest.lock */ = {
			isa = PBXShellScriptBuildPhase;
			buildActionMask = 2147483647;
			files = (
			);
			inputPaths = (
				"${PODS_PODFILE_DIR_PATH}/Podfile.lock",
				"${PODS_ROOT}/Manifest.lock",
			);
			name = "[CP] Check Pods Manifest.lock";
			outputPaths = (
				"$(DERIVED_FILE_DIR)/Pods-TurkiyeninIlleri-checkManifestLockResult.txt",
			);
			runOnlyForDeploymentPostprocessing = 0;
			shellPath = /bin/sh;
			shellScript = "diff \"${PODS_PODFILE_DIR_PATH}/Podfile.lock\" \"${PODS_ROOT}/Manifest.lock\" > /dev/null\nif [ $? != 0 ] ; then\n    # print error to STDERR\n    echo \"error: The sandbox is not in sync with the Podfile.lock. Run 'pod install' or update your CocoaPods installation.\" >&2\n    exit 1\nfi\n# This output is used by Xcode 'outputs' to avoid re-running this script phase.\necho \"SUCCESS\" > \"${SCRIPT_OUTPUT_FILE_0}\"\n";
			showEnvVarsInLog = 0;
		};
		5229E2DA3E3105D8AE18AC3C /* [CP] Embed Pods Frameworks */ = {
			isa = PBXShellScriptBuildPhase;
			buildActionMask = 2147483647;
			files = (
			);
			inputPaths = (
				"${PODS_ROOT}/Target Support Files/Pods-TurkiyeninIlleri/Pods-TurkiyeninIlleri-frameworks.sh",
				"${BUILT_PRODUCTS_DIR}/Alamofire/Alamofire.framework",
				"${BUILT_PRODUCTS_DIR}/SVProgressHUD/SVProgressHUD.framework",
				"${BUILT_PRODUCTS_DIR}/SwiftyJSON/SwiftyJSON.framework",
			);
			name = "[CP] Embed Pods Frameworks";
			outputPaths = (
				"${TARGET_BUILD_DIR}/${FRAMEWORKS_FOLDER_PATH}/Alamofire.framework",
				"${TARGET_BUILD_DIR}/${FRAMEWORKS_FOLDER_PATH}/SVProgressHUD.framework",
				"${TARGET_BUILD_DIR}/${FRAMEWORKS_FOLDER_PATH}/SwiftyJSON.framework",
			);
			runOnlyForDeploymentPostprocessing = 0;
			shellPath = /bin/sh;
			shellScript = "\"${PODS_ROOT}/Target Support Files/Pods-TurkiyeninIlleri/Pods-TurkiyeninIlleri-frameworks.sh\"\n";
			showEnvVarsInLog = 0;
		};
/* End PBXShellScriptBuildPhase section */

/* Begin PBXSourcesBuildPhase section */
		9FFD1ACF2174EA50007D09F2 /* Sources */ = {
			isa = PBXSourcesBuildPhase;
			buildActionMask = 2147483647;
			files = (
				290B4AB022175397007B58AE /* Question.swift in Sources */,
				290B4AB2221753B4007B58AE /* QuestionBank.swift in Sources */,
				9FFD1AE92174ECAD007D09F2 /* RoundButton.swift in Sources */,
				9FF0924E21D1934E00AB7F12 /* QuizViewController.swift in Sources */,
				9FFD1AEB2174F022007D09F2 /* ContactViewController.swift in Sources */,
				9FFD1AD92174EA50007D09F2 /* ViewController.swift in Sources */,
				9F2BBF032185F627006CC5D7 /* CityNameTableViewCell.swift in Sources */,
				9FABF43C2182379100948D4E /* TableViewCell.swift in Sources */,
				9FABF43A2182376F00948D4E /* TableViewController.swift in Sources */,
				9FFD1AD72174EA50007D09F2 /* AppDelegate.swift in Sources */,
				9F2BBF052185F63C006CC5D7 /* CityDetailTableViewCell.swift in Sources */,
				9F2BBF012185F60B006CC5D7 /* CityImageTableViewCell.swift in Sources */,
				9F7C5BA621C8491800DCB42F /* WeatherDataModel.swift in Sources */,
				9F2BBEFF2185F5B7006CC5D7 /* CityViewController.swift in Sources */,
				9F7C5BA121C83D8D00DCB42F /* WeatherViewController.swift in Sources */,
				9F7C5BA321C83DD100DCB42F /* ChangeCityViewController.swift in Sources */,
			);
			runOnlyForDeploymentPostprocessing = 0;
		};
/* End PBXSourcesBuildPhase section */

/* Begin PBXVariantGroup section */
		9FFD1ADA2174EA50007D09F2 /* Main.storyboard */ = {
			isa = PBXVariantGroup;
			children = (
				9FFD1ADB2174EA50007D09F2 /* Base */,
			);
			name = Main.storyboard;
			sourceTree = "<group>";
		};
		9FFD1ADF2174EA52007D09F2 /* LaunchScreen.storyboard */ = {
			isa = PBXVariantGroup;
			children = (
				9FFD1AE02174EA52007D09F2 /* Base */,
			);
			name = LaunchScreen.storyboard;
			sourceTree = "<group>";
		};
/* End PBXVariantGroup section */

/* Begin XCBuildConfiguration section */
		9FFD1AE32174EA52007D09F2 /* Debug */ = {
			isa = XCBuildConfiguration;
			buildSettings = {
				ALWAYS_SEARCH_USER_PATHS = NO;
				CLANG_ANALYZER_NONNULL = YES;
				CLANG_ANALYZER_NUMBER_OBJECT_CONVERSION = YES_AGGRESSIVE;
				CLANG_CXX_LANGUAGE_STANDARD = "gnu++14";
				CLANG_CXX_LIBRARY = "libc++";
				CLANG_ENABLE_MODULES = YES;
				CLANG_ENABLE_OBJC_ARC = YES;
				CLANG_ENABLE_OBJC_WEAK = YES;
				CLANG_WARN_BLOCK_CAPTURE_AUTORELEASING = YES;
				CLANG_WARN_BOOL_CONVERSION = YES;
				CLANG_WARN_COMMA = YES;
				CLANG_WARN_CONSTANT_CONVERSION = YES;
				CLANG_WARN_DEPRECATED_OBJC_IMPLEMENTATIONS = YES;
				CLANG_WARN_DIRECT_OBJC_ISA_USAGE = YES_ERROR;
				CLANG_WARN_DOCUMENTATION_COMMENTS = YES;
				CLANG_WARN_EMPTY_BODY = YES;
				CLANG_WARN_ENUM_CONVERSION = YES;
				CLANG_WARN_INFINITE_RECURSION = YES;
				CLANG_WARN_INT_CONVERSION = YES;
				CLANG_WARN_NON_LITERAL_NULL_CONVERSION = YES;
				CLANG_WARN_OBJC_IMPLICIT_RETAIN_SELF = YES;
				CLANG_WARN_OBJC_LITERAL_CONVERSION = YES;
				CLANG_WARN_OBJC_ROOT_CLASS = YES_ERROR;
				CLANG_WARN_RANGE_LOOP_ANALYSIS = YES;
				CLANG_WARN_STRICT_PROTOTYPES = YES;
				CLANG_WARN_SUSPICIOUS_MOVE = YES;
				CLANG_WARN_UNGUARDED_AVAILABILITY = YES_AGGRESSIVE;
				CLANG_WARN_UNREACHABLE_CODE = YES;
				CLANG_WARN__DUPLICATE_METHOD_MATCH = YES;
				CODE_SIGN_IDENTITY = "iPhone Developer";
				COPY_PHASE_STRIP = NO;
				DEBUG_INFORMATION_FORMAT = dwarf;
				ENABLE_STRICT_OBJC_MSGSEND = YES;
				ENABLE_TESTABILITY = YES;
				GCC_C_LANGUAGE_STANDARD = gnu11;
				GCC_DYNAMIC_NO_PIC = NO;
				GCC_NO_COMMON_BLOCKS = YES;
				GCC_OPTIMIZATION_LEVEL = 0;
				GCC_PREPROCESSOR_DEFINITIONS = (
					"DEBUG=1",
					"$(inherited)",
				);
				GCC_WARN_64_TO_32_BIT_CONVERSION = YES;
				GCC_WARN_ABOUT_RETURN_TYPE = YES_ERROR;
				GCC_WARN_UNDECLARED_SELECTOR = YES;
				GCC_WARN_UNINITIALIZED_AUTOS = YES_AGGRESSIVE;
				GCC_WARN_UNUSED_FUNCTION = YES;
				GCC_WARN_UNUSED_VARIABLE = YES;
				IPHONEOS_DEPLOYMENT_TARGET = 12.0;
				MTL_ENABLE_DEBUG_INFO = INCLUDE_SOURCE;
				MTL_FAST_MATH = YES;
				ONLY_ACTIVE_ARCH = YES;
				SDKROOT = iphoneos;
				SWIFT_ACTIVE_COMPILATION_CONDITIONS = DEBUG;
				SWIFT_OPTIMIZATION_LEVEL = "-Onone";
			};
			name = Debug;
		};
		9FFD1AE42174EA52007D09F2 /* Release */ = {
			isa = XCBuildConfiguration;
			buildSettings = {
				ALWAYS_SEARCH_USER_PATHS = NO;
				CLANG_ANALYZER_NONNULL = YES;
				CLANG_ANALYZER_NUMBER_OBJECT_CONVERSION = YES_AGGRESSIVE;
				CLANG_CXX_LANGUAGE_STANDARD = "gnu++14";
				CLANG_CXX_LIBRARY = "libc++";
				CLANG_ENABLE_MODULES = YES;
				CLANG_ENABLE_OBJC_ARC = YES;
				CLANG_ENABLE_OBJC_WEAK = YES;
				CLANG_WARN_BLOCK_CAPTURE_AUTORELEASING = YES;
				CLANG_WARN_BOOL_CONVERSION = YES;
				CLANG_WARN_COMMA = YES;
				CLANG_WARN_CONSTANT_CONVERSION = YES;
				CLANG_WARN_DEPRECATED_OBJC_IMPLEMENTATIONS = YES;
				CLANG_WARN_DIRECT_OBJC_ISA_USAGE = YES_ERROR;
				CLANG_WARN_DOCUMENTATION_COMMENTS = YES;
				CLANG_WARN_EMPTY_BODY = YES;
				CLANG_WARN_ENUM_CONVERSION = YES;
				CLANG_WARN_INFINITE_RECURSION = YES;
				CLANG_WARN_INT_CONVERSION = YES;
				CLANG_WARN_NON_LITERAL_NULL_CONVERSION = YES;
				CLANG_WARN_OBJC_IMPLICIT_RETAIN_SELF = YES;
				CLANG_WARN_OBJC_LITERAL_CONVERSION = YES;
				CLANG_WARN_OBJC_ROOT_CLASS = YES_ERROR;
				CLANG_WARN_RANGE_LOOP_ANALYSIS = YES;
				CLANG_WARN_STRICT_PROTOTYPES = YES;
				CLANG_WARN_SUSPICIOUS_MOVE = YES;
				CLANG_WARN_UNGUARDED_AVAILABILITY = YES_AGGRESSIVE;
				CLANG_WARN_UNREACHABLE_CODE = YES;
				CLANG_WARN__DUPLICATE_METHOD_MATCH = YES;
				CODE_SIGN_IDENTITY = "iPhone Developer";
				COPY_PHASE_STRIP = NO;
				DEBUG_INFORMATION_FORMAT = "dwarf-with-dsym";
				ENABLE_NS_ASSERTIONS = NO;
				ENABLE_STRICT_OBJC_MSGSEND = YES;
				GCC_C_LANGUAGE_STANDARD = gnu11;
				GCC_NO_COMMON_BLOCKS = YES;
				GCC_WARN_64_TO_32_BIT_CONVERSION = YES;
				GCC_WARN_ABOUT_RETURN_TYPE = YES_ERROR;
				GCC_WARN_UNDECLARED_SELECTOR = YES;
				GCC_WARN_UNINITIALIZED_AUTOS = YES_AGGRESSIVE;
				GCC_WARN_UNUSED_FUNCTION = YES;
				GCC_WARN_UNUSED_VARIABLE = YES;
				IPHONEOS_DEPLOYMENT_TARGET = 12.0;
				MTL_ENABLE_DEBUG_INFO = NO;
				MTL_FAST_MATH = YES;
				SDKROOT = iphoneos;
				SWIFT_COMPILATION_MODE = wholemodule;
				SWIFT_OPTIMIZATION_LEVEL = "-O";
				VALIDATE_PRODUCT = YES;
			};
			name = Release;
		};
		9FFD1AE62174EA52007D09F2 /* Debug */ = {
			isa = XCBuildConfiguration;
			baseConfigurationReference = 6AA149140DD81CAA78660F61 /* Pods-TurkiyeninIlleri.debug.xcconfig */;
			buildSettings = {
				ASSETCATALOG_COMPILER_APPICON_NAME = AppIcon;
				CODE_SIGN_STYLE = Automatic;
				DEVELOPMENT_TEAM = 8Q29ZWM92L;
				INFOPLIST_FILE = TurkiyeninIlleri/Info.plist;
				LD_RUNPATH_SEARCH_PATHS = (
					"$(inherited)",
					"@executable_path/Frameworks",
				);
				PRODUCT_BUNDLE_IDENTIFIER = com.halil.ozel.TurkiyeninIlleri;
				PRODUCT_NAME = "$(TARGET_NAME)";
				SWIFT_VERSION = 4.2;
				TARGETED_DEVICE_FAMILY = "1,2";
			};
			name = Debug;
		};
		9FFD1AE72174EA52007D09F2 /* Release */ = {
			isa = XCBuildConfiguration;
			baseConfigurationReference = CC9304686C10E1CEB91F60BA /* Pods-TurkiyeninIlleri.release.xcconfig */;
			buildSettings = {
				ASSETCATALOG_COMPILER_APPICON_NAME = AppIcon;
				CODE_SIGN_STYLE = Automatic;
				DEVELOPMENT_TEAM = 8Q29ZWM92L;
				INFOPLIST_FILE = TurkiyeninIlleri/Info.plist;
				LD_RUNPATH_SEARCH_PATHS = (
					"$(inherited)",
					"@executable_path/Frameworks",
				);
				PRODUCT_BUNDLE_IDENTIFIER = com.halil.ozel.TurkiyeninIlleri;
				PRODUCT_NAME = "$(TARGET_NAME)";
				SWIFT_VERSION = 4.2;
				TARGETED_DEVICE_FAMILY = "1,2";
			};
			name = Release;
		};
/* End XCBuildConfiguration section */

/* Begin XCConfigurationList section */
		9FFD1ACE2174EA50007D09F2 /* Build configuration list for PBXProject "TurkiyeninIlleri" */ = {
			isa = XCConfigurationList;
			buildConfigurations = (
				9FFD1AE32174EA52007D09F2 /* Debug */,
				9FFD1AE42174EA52007D09F2 /* Release */,
			);
			defaultConfigurationIsVisible = 0;
			defaultConfigurationName = Release;
		};
		9FFD1AE52174EA52007D09F2 /* Build configuration list for PBXNativeTarget "TurkiyeninIlleri" */ = {
			isa = XCConfigurationList;
			buildConfigurations = (
				9FFD1AE62174EA52007D09F2 /* Debug */,
				9FFD1AE72174EA52007D09F2 /* Release */,
			);
			defaultConfigurationIsVisible = 0;
			defaultConfigurationName = Release;
		};
/* End XCConfigurationList section */
	};
	rootObject = 9FFD1ACB2174EA50007D09F2 /* Project object */;
}
